
Microsoft Visual Studio Solution File, Format Version 12.00
# Visual Studio Version 16
VisualStudioVersion = 16.0.31112.23
MinimumVisualStudioVersion = 10.0.40219.1
Project("{FAE04EC0-301F-11D3-BF4B-00C04F79EFBC}") = "SalesWebMvc.v2", "SalesWebMvc.v2\SalesWebMvc.v2.csproj", "{7B5C6DE7-EDEE-4484-97F3-AAEB4EDDC6FE}"
EndProject
Global
	GlobalSection(SolutionConfigurationPlatforms) = preSolution
		Debug|Any CPU = Debug|Any CPU
		Release|Any CPU = Release|Any CPU
	EndGlobalSection
	GlobalSection(ProjectConfigurationPlatforms) = postSolution
		{7B5C6DE7-EDEE-4484-97F3-AAEB4EDDC6FE}.Debug|Any CPU.ActiveCfg = Debug|Any CPU
		{7B5C6DE7-EDEE-4484-97F3-AAEB4EDDC6FE}.Debug|Any CPU.Build.0 = Debug|Any CPU
		{7B5C6DE7-EDEE-4484-97F3-AAEB4EDDC6FE}.Release|Any CPU.ActiveCfg = Release|Any CPU
		{7B5C6DE7-EDEE-4484-97F3-AAEB4EDDC6FE}.Release|Any CPU.Build.0 = Release|Any CPU
	EndGlobalSection
	GlobalSection(SolutionProperties) = preSolution
		HideSolutionNode = FALSE
	EndGlobalSection
	GlobalSection(ExtensibilityGlobals) = postSolution
		SolutionGuid = {A2F5608C-9232-4078-936B-7FD443F8E581}
	EndGlobalSection
EndGlobal
